
Microsoft Visual Studio Solution File, Format Version 12.00
# Visual Studio Version 17
VisualStudioVersion = 17.3.32819.101
MinimumVisualStudioVersion = 10.0.40219.1
Project("{FAE04EC0-301F-11D3-BF4B-00C04F79EFBC}") = "ResponsiJuniorProject", "ResponsiJuniorProject.csproj", "{2354190E-00C3-4E08-9DAF-F22758B41EC3}"
EndProject
Global
	GlobalSection(SolutionConfigurationPlatforms) = preSolution
		Debug|Any CPU = Debug|Any CPU
		Release|Any CPU = Release|Any CPU
	EndGlobalSection
	GlobalSection(ProjectConfigurationPlatforms) = postSolution
		{2354190E-00C3-4E08-9DAF-F22758B41EC3}.Debug|Any CPU.ActiveCfg = Debug|Any CPU
		{2354190E-00C3-4E08-9DAF-F22758B41EC3}.Debug|Any CPU.Build.0 = Debug|Any CPU
		{2354190E-00C3-4E08-9DAF-F22758B41EC3}.Release|Any CPU.ActiveCfg = Release|Any CPU
		{2354190E-00C3-4E08-9DAF-F22758B41EC3}.Release|Any CPU.Build.0 = Release|Any CPU
	EndGlobalSection
	GlobalSection(SolutionProperties) = preSolution
		HideSolutionNode = FALSE
	EndGlobalSection
	GlobalSection(ExtensibilityGlobals) = postSolution
		SolutionGuid = {7E463A91-5273-45E5-BD5D-F741A9238218}
	EndGlobalSection
EndGlobal
